
Microsoft Visual Studio Solution File, Format Version 12.00
#
Project("{FAE04EC0-301F-11D3-BF4B-00C04F79EFBC}") = "Nikolo.Data", "Nikolo.Data\Nikolo.Data.csproj", "{3C1BF63F-C2AC-4300-BDA8-E9D04B6F2697}"
EndProject
Project("{FAE04EC0-301F-11D3-BF4B-00C04F79EFBC}") = "Nikolo.Api", "Nikolo.Api\Nikolo.Api.csproj", "{FC50F5CC-0BFF-4E3C-BA62-494FD56DA086}"
EndProject
Project("{FAE04EC0-301F-11D3-BF4B-00C04F79EFBC}") = "Nikolo.Logic", "Nikolo.Logic\Nikolo.Logic.csproj", "{5924C8E0-F98E-48F9-B486-BA040D952BED}"
EndProject
Global
	GlobalSection(SolutionConfigurationPlatforms) = preSolution
		Debug|Any CPU = Debug|Any CPU
		Release|Any CPU = Release|Any CPU
	EndGlobalSection
	GlobalSection(ProjectConfigurationPlatforms) = postSolution
		{3C1BF63F-C2AC-4300-BDA8-E9D04B6F2697}.Debug|Any CPU.ActiveCfg = Debug|Any CPU
		{3C1BF63F-C2AC-4300-BDA8-E9D04B6F2697}.Debug|Any CPU.Build.0 = Debug|Any CPU
		{3C1BF63F-C2AC-4300-BDA8-E9D04B6F2697}.Release|Any CPU.ActiveCfg = Release|Any CPU
		{3C1BF63F-C2AC-4300-BDA8-E9D04B6F2697}.Release|Any CPU.Build.0 = Release|Any CPU
		{FC50F5CC-0BFF-4E3C-BA62-494FD56DA086}.Debug|Any CPU.ActiveCfg = Debug|Any CPU
		{FC50F5CC-0BFF-4E3C-BA62-494FD56DA086}.Debug|Any CPU.Build.0 = Debug|Any CPU
		{FC50F5CC-0BFF-4E3C-BA62-494FD56DA086}.Release|Any CPU.ActiveCfg = Release|Any CPU
		{FC50F5CC-0BFF-4E3C-BA62-494FD56DA086}.Release|Any CPU.Build.0 = Release|Any CPU
		{5924C8E0-F98E-48F9-B486-BA040D952BED}.Debug|Any CPU.ActiveCfg = Debug|Any CPU
		{5924C8E0-F98E-48F9-B486-BA040D952BED}.Debug|Any CPU.Build.0 = Debug|Any CPU
		{5924C8E0-F98E-48F9-B486-BA040D952BED}.Release|Any CPU.ActiveCfg = Release|Any CPU
		{5924C8E0-F98E-48F9-B486-BA040D952BED}.Release|Any CPU.Build.0 = Release|Any CPU
	EndGlobalSection
EndGlobal
